
Microsoft Visual Studio Solution File, Format Version 12.00
# Visual Studio Version 17
VisualStudioVersion = 17.8.34511.84
MinimumVisualStudioVersion = 10.0.40219.1
Project("{9A19103F-16F7-4668-BE54-9A1E7A4F7556}") = "GrpcCodeGenerator_TestProject", "GrpcCodeGenerator_TestProject\GrpcCodeGenerator_TestProject.csproj", "{09DC0C02-A39A-478B-803E-49AFD0FEC23E}"
EndProject
Project("{9A19103F-16F7-4668-BE54-9A1E7A4F7556}") = "GrpcCodeGenerator", "GrpcCodeGenerator\GrpcCodeGenerator.csproj", "{D681EA0C-5428-439E-8A69-3FAA07BC54EA}"
EndProject
Global
	GlobalSection(SolutionConfigurationPlatforms) = preSolution
		Debug|Any CPU = Debug|Any CPU
		Release|Any CPU = Release|Any CPU
	EndGlobalSection
	GlobalSection(ProjectConfigurationPlatforms) = postSolution
		{09DC0C02-A39A-478B-803E-49AFD0FEC23E}.Debug|Any CPU.ActiveCfg = Debug|Any CPU
		{09DC0C02-A39A-478B-803E-49AFD0FEC23E}.Debug|Any CPU.Build.0 = Debug|Any CPU
		{09DC0C02-A39A-478B-803E-49AFD0FEC23E}.Release|Any CPU.ActiveCfg = Release|Any CPU
		{09DC0C02-A39A-478B-803E-49AFD0FEC23E}.Release|Any CPU.Build.0 = Release|Any CPU
		{D681EA0C-5428-439E-8A69-3FAA07BC54EA}.Debug|Any CPU.ActiveCfg = Debug|Any CPU
		{D681EA0C-5428-439E-8A69-3FAA07BC54EA}.Debug|Any CPU.Build.0 = Debug|Any CPU
		{D681EA0C-5428-439E-8A69-3FAA07BC54EA}.Release|Any CPU.ActiveCfg = Release|Any CPU
		{D681EA0C-5428-439E-8A69-3FAA07BC54EA}.Release|Any CPU.Build.0 = Release|Any CPU
	EndGlobalSection
	GlobalSection(SolutionProperties) = preSolution
		HideSolutionNode = FALSE
	EndGlobalSection
	GlobalSection(ExtensibilityGlobals) = postSolution
		SolutionGuid = {E98DFDE8-5645-42C4-9402-4EC461E68B43}
	EndGlobalSection
EndGlobal
